Microsoft Visual Studio Solution File, Format Version 11.00
# Visual Studio 2008

Project("{C3018E80-71BF-A027-1083-4C82D2D36A0C}") = "21_Unity_Game_SpaceGirlListData", "Assembly-CSharp.csproj", "{92B2A011-DE03-DEDD-FB35-16209D074A28}"
EndProject
Global
	GlobalSection(SolutionConfigurationPlatforms) = preSolution
		Debug|Any CPU = Debug|Any CPU
		Release|Any CPU = Release|Any CPU
	EndGlobalSection
	GlobalSection(ProjectConfigurationPlatforms) = postSolution
		{92B2A011-DE03-DEDD-FB35-16209D074A28}.Debug|Any CPU.ActiveCfg = Debug|Any CPU
		{92B2A011-DE03-DEDD-FB35-16209D074A28}.Debug|Any CPU.Build.0 = Debug|Any CPU
		{92B2A011-DE03-DEDD-FB35-16209D074A28}.Release|Any CPU.ActiveCfg = Release|Any CPU
		{92B2A011-DE03-DEDD-FB35-16209D074A28}.Release|Any CPU.Build.0 = Release|Any CPU
	EndGlobalSection
	GlobalSection(SolutionProperties) = preSolution
		HideSolutionNode = FALSE
	EndGlobalSection
	GlobalSection(MonoDevelopProperties) = preSolution
		StartupItem = Assembly-CSharp.csproj
	EndGlobalSection
EndGlobal
